
Microsoft Visual Studio Solution File, Format Version 12.00
# Visual Studio 14
VisualStudioVersion = 14.0.25123.0
MinimumVisualStudioVersion = 10.0.40219.1
Project("{FAE04EC0-301F-11D3-BF4B-00C04F79EFBC}") = "Material.Dominio", "Material.Dominio\Material.Dominio.csproj", "{377F68DD-E270-49DC-8F5B-18380A130E0A}"
EndProject
Project("{FAE04EC0-301F-11D3-BF4B-00C04F79EFBC}") = "Material.Servico", "Material.Servico\Material.Servico.csproj", "{A4B31F29-DC55-406C-9BD1-5A9F5DCD448D}"
EndProject
Project("{FAE04EC0-301F-11D3-BF4B-00C04F79EFBC}") = "Material.Infra", "Material.Infra\Material.Infra.csproj", "{67701910-B432-4097-8BE6-387D18B293FD}"
EndProject
Project("{2150E333-8FDC-42A3-9474-1A3956D46DE8}") = "1 - APIs", "1 - APIs", "{EE0EDB15-DB92-4CA6-AEF2-6091CC7E407B}"
EndProject
Project("{2150E333-8FDC-42A3-9474-1A3956D46DE8}") = "2 - Serviços", "2 - Serviços", "{DC2C0131-B3DF-44F6-BB44-121A17BD3964}"
EndProject
Project("{2150E333-8FDC-42A3-9474-1A3956D46DE8}") = "3 - Domínio", "3 - Domínio", "{67F33337-86AE-4EDC-9E70-DCF4A34C3BD4}"
EndProject
Project("{2150E333-8FDC-42A3-9474-1A3956D46DE8}") = "4 - Infra", "4 - Infra", "{853388EF-89F3-49DE-B5E8-401441D36215}"
EndProject
Project("{2150E333-8FDC-42A3-9474-1A3956D46DE8}") = "5 - Testes", "5 - Testes", "{F5DAE48A-C534-4C33-A3DD-C086226FA89E}"
EndProject
Project("{FAE04EC0-301F-11D3-BF4B-00C04F79EFBC}") = "Material.IoC", "Material.IoC\Material.IoC.csproj", "{47CAA0E5-0501-4CB8-B9CD-990A422C6BE0}"
EndProject
Project("{FAE04EC0-301F-11D3-BF4B-00C04F79EFBC}") = "Material.Dominio.Testes", "Material.Dominio.Testes\Material.Dominio.Testes.csproj", "{990496BD-E5C2-4FCF-85D5-CE5BC697BC00}"
EndProject
Project("{FAE04EC0-301F-11D3-BF4B-00C04F79EFBC}") = "Material.Produtos.API", "Material.Produtos.API\Material.Produtos.API.csproj", "{AF7BF6F8-1AAA-4CBE-ADA1-8B9695E6F692}"
EndProject
Project("{FAE04EC0-301F-11D3-BF4B-00C04F79EFBC}") = "Material.Autenticacao.API", "Material.Autenticacao.API\Material.Autenticacao.API.csproj", "{1344CE6C-285B-4553-933E-3984C299813E}"
EndProject
Global
	GlobalSection(SolutionConfigurationPlatforms) = preSolution
		Debug|Any CPU = Debug|Any CPU
		Release|Any CPU = Release|Any CPU
	EndGlobalSection
	GlobalSection(ProjectConfigurationPlatforms) = postSolution
		{377F68DD-E270-49DC-8F5B-18380A130E0A}.Debug|Any CPU.ActiveCfg = Debug|Any CPU
		{377F68DD-E270-49DC-8F5B-18380A130E0A}.Debug|Any CPU.Build.0 = Debug|Any CPU
		{377F68DD-E270-49DC-8F5B-18380A130E0A}.Release|Any CPU.ActiveCfg = Release|Any CPU
		{377F68DD-E270-49DC-8F5B-18380A130E0A}.Release|Any CPU.Build.0 = Release|Any CPU
		{A4B31F29-DC55-406C-9BD1-5A9F5DCD448D}.Debug|Any CPU.ActiveCfg = Debug|Any CPU
		{A4B31F29-DC55-406C-9BD1-5A9F5DCD448D}.Debug|Any CPU.Build.0 = Debug|Any CPU
		{A4B31F29-DC55-406C-9BD1-5A9F5DCD448D}.Release|Any CPU.ActiveCfg = Release|Any CPU
		{A4B31F29-DC55-406C-9BD1-5A9F5DCD448D}.Release|Any CPU.Build.0 = Release|Any CPU
		{67701910-B432-4097-8BE6-387D18B293FD}.Debug|Any CPU.ActiveCfg = Debug|Any CPU
		{67701910-B432-4097-8BE6-387D18B293FD}.Debug|Any CPU.Build.0 = Debug|Any CPU
		{67701910-B432-4097-8BE6-387D18B293FD}.Release|Any CPU.ActiveCfg = Release|Any CPU
		{67701910-B432-4097-8BE6-387D18B293FD}.Release|Any CPU.Build.0 = Release|Any CPU
		{47CAA0E5-0501-4CB8-B9CD-990A422C6BE0}.Debug|Any CPU.ActiveCfg = Debug|Any CPU
		{47CAA0E5-0501-4CB8-B9CD-990A422C6BE0}.Debug|Any CPU.Build.0 = Debug|Any CPU
		{47CAA0E5-0501-4CB8-B9CD-990A422C6BE0}.Release|Any CPU.ActiveCfg = Release|Any CPU
		{47CAA0E5-0501-4CB8-B9CD-990A422C6BE0}.Release|Any CPU.Build.0 = Release|Any CPU
		{990496BD-E5C2-4FCF-85D5-CE5BC697BC00}.Debug|Any CPU.ActiveCfg = Debug|Any CPU
		{990496BD-E5C2-4FCF-85D5-CE5BC697BC00}.Debug|Any CPU.Build.0 = Debug|Any CPU
		{990496BD-E5C2-4FCF-85D5-CE5BC697BC00}.Release|Any CPU.ActiveCfg = Release|Any CPU
		{990496BD-E5C2-4FCF-85D5-CE5BC697BC00}.Release|Any CPU.Build.0 = Release|Any CPU
		{AF7BF6F8-1AAA-4CBE-ADA1-8B9695E6F692}.Debug|Any CPU.ActiveCfg = Debug|Any CPU
		{AF7BF6F8-1AAA-4CBE-ADA1-8B9695E6F692}.Debug|Any CPU.Build.0 = Debug|Any CPU
		{AF7BF6F8-1AAA-4CBE-ADA1-8B9695E6F692}.Release|Any CPU.ActiveCfg = Release|Any CPU
		{AF7BF6F8-1AAA-4CBE-ADA1-8B9695E6F692}.Release|Any CPU.Build.0 = Release|Any CPU
		{1344CE6C-285B-4553-933E-3984C299813E}.Debug|Any CPU.ActiveCfg = Debug|Any CPU
		{1344CE6C-285B-4553-933E-3984C299813E}.Debug|Any CPU.Build.0 = Debug|Any CPU
		{1344CE6C-285B-4553-933E-3984C299813E}.Release|Any CPU.ActiveCfg = Release|Any CPU
		{1344CE6C-285B-4553-933E-3984C299813E}.Release|Any CPU.Build.0 = Release|Any CPU
	EndGlobalSection
	GlobalSection(SolutionProperties) = preSolution
		HideSolutionNode = FALSE
	EndGlobalSection
	GlobalSection(NestedProjects) = preSolution
		{377F68DD-E270-49DC-8F5B-18380A130E0A} = {67F33337-86AE-4EDC-9E70-DCF4A34C3BD4}
		{A4B31F29-DC55-406C-9BD1-5A9F5DCD448D} = {DC2C0131-B3DF-44F6-BB44-121A17BD3964}
		{67701910-B432-4097-8BE6-387D18B293FD} = {853388EF-89F3-49DE-B5E8-401441D36215}
		{47CAA0E5-0501-4CB8-B9CD-990A422C6BE0} = {853388EF-89F3-49DE-B5E8-401441D36215}
		{990496BD-E5C2-4FCF-85D5-CE5BC697BC00} = {F5DAE48A-C534-4C33-A3DD-C086226FA89E}
		{AF7BF6F8-1AAA-4CBE-ADA1-8B9695E6F692} = {EE0EDB15-DB92-4CA6-AEF2-6091CC7E407B}
		{1344CE6C-285B-4553-933E-3984C299813E} = {EE0EDB15-DB92-4CA6-AEF2-6091CC7E407B}
	EndGlobalSection
EndGlobal
